{
  "name": "chryo",
  "version": "1.0.0",
  "lockfileVersion": 2,
  "requires": true,
  "packages": {
    "": {
      "name": "chryo",
      "version": "1.0.0",
      "license": "ISC",
      "dependencies": {
        "@rbxts/services": "^1.2.0",
        "@rbxts/t": "^3.0.0",
        "@rbxts/types": "^1.0.577"
      },
      "devDependencies": {
        "@rbxts/compiler-types": "^1.2.3-types.1"
      }
    },
    "node_modules/@rbxts/compiler-types": {
      "version": "1.2.3-types.1",
      "resolved": "https://registry.npmjs.org/@rbxts/compiler-types/-/compiler-types-1.2.3-types.1.tgz",
      "integrity": "sha512-SXXIBazyJ7N6d2xcy471/kqZZpCv7EDOWrRJ45jcv3g00VQaZwYl4Elr10woqRloIblQanwJ7yUqGXAsWv7iuQ==",
      "dev": true
    },
    "node_modules/@rbxts/services": {
      "version": "1.2.0",
      "resolved": "https://registry.npmjs.org/@rbxts/services/-/services-1.2.0.tgz",
      "integrity": "sha512-GEnAGgRz/oFEfBCjr+UChO7D49c/l+Wgr2OHMkURBKbVAqGg7hVQbEs9PUr+9BuVx/8OlsqZ/cvrUYbwAyd60A=="
    },
    "node_modules/@rbxts/t": {
      "version": "3.0.0",
      "resolved": "https://registry.npmjs.org/@rbxts/t/-/t-3.0.0.tgz",
      "integrity": "sha512-+nrmxT39AdJQ9KZXBNBehRnTEhVQo7L1Vapz521u9WHqCs5ZWR1oZmkNW5gmDCAp5LUpXNgC9oF3Oc2sDxiEaQ=="
    },
    "node_modules/@rbxts/types": {
      "version": "1.0.577",
      "resolved": "https://registry.npmjs.org/@rbxts/types/-/types-1.0.577.tgz",
      "integrity": "sha512-BVrsGa9s+HzhLut2Wwko+QesLuBVxF3+6RVH2A7CLLEDJIc3HCe37CPJSWFBuJS7RuM25cRolTGwAO9WkXHV0Q=="
    }
  },
  "dependencies": {
    "@rbxts/compiler-types": {
      "version": "1.2.3-types.1",
      "resolved": "https://registry.npmjs.org/@rbxts/compiler-types/-/compiler-types-1.2.3-types.1.tgz",
      "integrity": "sha512-SXXIBazyJ7N6d2xcy471/kqZZpCv7EDOWrRJ45jcv3g00VQaZwYl4Elr10woqRloIblQanwJ7yUqGXAsWv7iuQ==",
      "dev": true
    },
    "@rbxts/services": {
      "version": "1.2.0",
      "resolved": "https://registry.npmjs.org/@rbxts/services/-/services-1.2.0.tgz",
      "integrity": "sha512-GEnAGgRz/oFEfBCjr+UChO7D49c/l+Wgr2OHMkURBKbVAqGg7hVQbEs9PUr+9BuVx/8OlsqZ/cvrUYbwAyd60A=="
    },
    "@rbxts/t": {
      "version": "3.0.0",
      "resolved": "https://registry.npmjs.org/@rbxts/t/-/t-3.0.0.tgz",
      "integrity": "sha512-+nrmxT39AdJQ9KZXBNBehRnTEhVQo7L1Vapz521u9WHqCs5ZWR1oZmkNW5gmDCAp5LUpXNgC9oF3Oc2sDxiEaQ=="
    },
    "@rbxts/types": {
      "version": "1.0.577",
      "resolved": "https://registry.npmjs.org/@rbxts/types/-/types-1.0.577.tgz",
      "integrity": "sha512-BVrsGa9s+HzhLut2Wwko+QesLuBVxF3+6RVH2A7CLLEDJIc3HCe37CPJSWFBuJS7RuM25cRolTGwAO9WkXHV0Q=="
    }
  }
}
