{
  "name": "chryo",
  "version": "1.0.0",
  "lockfileVersion": 2,
  "requires": true,
  "packages": {
    "": {
      "name": "chryo",
      "version": "1.0.0",
      "license": "ISC",
      "dependencies": {
        "@rbxts/fastcast": "^13.2.0-ts.2",
        "@rbxts/services": "^1.2.0"
      },
      "devDependencies": {
        "@rbxts/compiler-types": "^1.2.3-types.1",
        "@rbxts/types": "^1.0.571"
      }
    },
    "node_modules/@rbxts/compiler-types": {
      "version": "1.2.3-types.1",
      "resolved": "https://registry.npmjs.org/@rbxts/compiler-types/-/compiler-types-1.2.3-types.1.tgz",
      "integrity": "sha512-SXXIBazyJ7N6d2xcy471/kqZZpCv7EDOWrRJ45jcv3g00VQaZwYl4Elr10woqRloIblQanwJ7yUqGXAsWv7iuQ==",
      "dev": true
    },
    "node_modules/@rbxts/fastcast": {
      "version": "13.2.0-ts.2",
      "resolved": "https://registry.npmjs.org/@rbxts/fastcast/-/fastcast-13.2.0-ts.2.tgz",
      "integrity": "sha512-EdrMZTg0pOTwOkxDdcPKMvvdIwPR6WCCsjQYbYNpyB/SgJL9bGDXuBG3Pb+T5NCQc2/nlNh4UGj6DkmuI1B+ng==",
      "dependencies": {
        "@rbxts/compiler-types": "^1.0.0-types.0"
      }
    },
    "node_modules/@rbxts/fastcast/node_modules/@rbxts/compiler-types": {
      "version": "1.0.0-types.0",
      "resolved": "https://registry.npmjs.org/@rbxts/compiler-types/-/compiler-types-1.0.0-types.0.tgz",
      "integrity": "sha512-DMYByLmapF5T04l1Jmg71BZNmR8sFhDt/aq9aV9X8JjnQimnCCBFK+FzdHh9Nx40D/o+k9vYn5aS58g8kISlYQ=="
    },
    "node_modules/@rbxts/services": {
      "version": "1.2.0",
      "resolved": "https://registry.npmjs.org/@rbxts/services/-/services-1.2.0.tgz",
      "integrity": "sha512-GEnAGgRz/oFEfBCjr+UChO7D49c/l+Wgr2OHMkURBKbVAqGg7hVQbEs9PUr+9BuVx/8OlsqZ/cvrUYbwAyd60A=="
    },
    "node_modules/@rbxts/types": {
      "version": "1.0.571",
      "resolved": "https://registry.npmjs.org/@rbxts/types/-/types-1.0.571.tgz",
      "integrity": "sha512-VKBktp/GefC8uHzzRhZJE8EhQw6Zq2oMzc8dlWoaj2xe6rT2bWllYg4pl7tuw29LjaUuIqWm0GUhbSqMiKmmaQ==",
      "dev": true
    }
  },
  "dependencies": {
    "@rbxts/compiler-types": {
      "version": "1.2.3-types.1",
      "resolved": "https://registry.npmjs.org/@rbxts/compiler-types/-/compiler-types-1.2.3-types.1.tgz",
      "integrity": "sha512-SXXIBazyJ7N6d2xcy471/kqZZpCv7EDOWrRJ45jcv3g00VQaZwYl4Elr10woqRloIblQanwJ7yUqGXAsWv7iuQ==",
      "dev": true
    },
    "@rbxts/fastcast": {
      "version": "13.2.0-ts.2",
      "resolved": "https://registry.npmjs.org/@rbxts/fastcast/-/fastcast-13.2.0-ts.2.tgz",
      "integrity": "sha512-EdrMZTg0pOTwOkxDdcPKMvvdIwPR6WCCsjQYbYNpyB/SgJL9bGDXuBG3Pb+T5NCQc2/nlNh4UGj6DkmuI1B+ng==",
      "requires": {
        "@rbxts/compiler-types": "^1.0.0-types.0"
      },
      "dependencies": {
        "@rbxts/compiler-types": {
          "version": "1.0.0-types.0",
          "resolved": "https://registry.npmjs.org/@rbxts/compiler-types/-/compiler-types-1.0.0-types.0.tgz",
          "integrity": "sha512-DMYByLmapF5T04l1Jmg71BZNmR8sFhDt/aq9aV9X8JjnQimnCCBFK+FzdHh9Nx40D/o+k9vYn5aS58g8kISlYQ=="
        }
      }
    },
    "@rbxts/services": {
      "version": "1.2.0",
      "resolved": "https://registry.npmjs.org/@rbxts/services/-/services-1.2.0.tgz",
      "integrity": "sha512-GEnAGgRz/oFEfBCjr+UChO7D49c/l+Wgr2OHMkURBKbVAqGg7hVQbEs9PUr+9BuVx/8OlsqZ/cvrUYbwAyd60A=="
    },
    "@rbxts/types": {
      "version": "1.0.571",
      "resolved": "https://registry.npmjs.org/@rbxts/types/-/types-1.0.571.tgz",
      "integrity": "sha512-VKBktp/GefC8uHzzRhZJE8EhQw6Zq2oMzc8dlWoaj2xe6rT2bWllYg4pl7tuw29LjaUuIqWm0GUhbSqMiKmmaQ==",
      "dev": true
    }
  }
}
